
Microsoft Visual Studio Solution File, Format Version 12.00
# Visual Studio Version 17
VisualStudioVersion = 17.6.33815.320
MinimumVisualStudioVersion = 10.0.40219.1
Project("{FAE04EC0-301F-11D3-BF4B-00C04F79EFBC}") = "TZ_Nurzhan", "TZ_Nurzhan\TZ_Nurzhan.csproj", "{5B4532D0-746B-4B6C-A5CD-2372DDA30DED}"
EndProject
Global
	GlobalSection(SolutionConfigurationPlatforms) = preSolution
		Debug|Any CPU = Debug|Any CPU
		Release|Any CPU = Release|Any CPU
	EndGlobalSection
	GlobalSection(ProjectConfigurationPlatforms) = postSolution
		{5B4532D0-746B-4B6C-A5CD-2372DDA30DED}.Debug|Any CPU.ActiveCfg = Debug|Any CPU
		{5B4532D0-746B-4B6C-A5CD-2372DDA30DED}.Debug|Any CPU.Build.0 = Debug|Any CPU
		{5B4532D0-746B-4B6C-A5CD-2372DDA30DED}.Release|Any CPU.ActiveCfg = Release|Any CPU
		{5B4532D0-746B-4B6C-A5CD-2372DDA30DED}.Release|Any CPU.Build.0 = Release|Any CPU
	EndGlobalSection
	GlobalSection(SolutionProperties) = preSolution
		HideSolutionNode = FALSE
	EndGlobalSection
	GlobalSection(ExtensibilityGlobals) = postSolution
		SolutionGuid = {0BD590D5-F3C9-4218-99C8-13100863E32E}
	EndGlobalSection
EndGlobal
